
Microsoft Visual Studio Solution File, Format Version 12.00
# Visual Studio 15
VisualStudioVersion = 15.0.26730.12
MinimumVisualStudioVersion = 10.0.40219.1
Project("{FAE04EC0-301F-11D3-BF4B-00C04F79EFBC}") = "WCShell", "FMShell\WCShell.csproj", "{1EC6F0CE-8136-4B28-9F07-CFCA0EFE0EC3}"
EndProject
Project("{FAE04EC0-301F-11D3-BF4B-00C04F79EFBC}") = "WC.Lib", "FM.Lib\WC.Lib.csproj", "{7CD2B0A7-E349-4699-BC6D-477A225222BD}"
EndProject
Project("{FAE04EC0-301F-11D3-BF4B-00C04F79EFBC}") = "WC.Server", "FM.Server\WC.Server.csproj", "{FC943947-C038-4901-A8F3-0B8E7C3AAC6D}"
EndProject
Project("{FAE04EC0-301F-11D3-BF4B-00C04F79EFBC}") = "WC.SocketClientDemo", "FM.SocketClientDemo\WC.SocketClientDemo.csproj", "{E742DE3F-CC4B-4537-88AE-273539243D79}"
EndProject
Project("{FAE04EC0-301F-11D3-BF4B-00C04F79EFBC}") = "AlwaysOnline", "AlwaysOnline\AlwaysOnline.csproj", "{A110944B-B668-4073-B873-1331BB876AC3}"
EndProject
Project("{FAE04EC0-301F-11D3-BF4B-00C04F79EFBC}") = "testConsole", "testConsole\testConsole.csproj", "{7204395C-1404-4F7D-91DC-6AFA484AC823}"
EndProject
Project("{FAE04EC0-301F-11D3-BF4B-00C04F79EFBC}") = "BerMaster", "BerMaster\BerMaster.csproj", "{DA7A5FBD-C600-4665-A695-7C37561A6B9C}"
EndProject
Project("{FAE04EC0-301F-11D3-BF4B-00C04F79EFBC}") = "FuturesMaster", "FuturesMaster\FuturesMaster.csproj", "{3426E351-EB19-4524-9670-A78BD4D0D5BD}"
EndProject
Project("{FAE04EC0-301F-11D3-BF4B-00C04F79EFBC}") = "TransCoinMaster", "TransCoinMaster\TransCoinMaster.csproj", "{F89D3A56-EC42-4BA0-8436-329068F8386C}"
EndProject
Global
	GlobalSection(SolutionConfigurationPlatforms) = preSolution
		CD_ROM|Any CPU = CD_ROM|Any CPU
		CD_ROM|Mixed Platforms = CD_ROM|Mixed Platforms
		CD_ROM|x86 = CD_ROM|x86
		Debug|Any CPU = Debug|Any CPU
		Debug|Mixed Platforms = Debug|Mixed Platforms
		Debug|x86 = Debug|x86
		DVD-5|Any CPU = DVD-5|Any CPU
		DVD-5|Mixed Platforms = DVD-5|Mixed Platforms
		DVD-5|x86 = DVD-5|x86
		Release|Any CPU = Release|Any CPU
		Release|Mixed Platforms = Release|Mixed Platforms
		Release|x86 = Release|x86
		SingleImage|Any CPU = SingleImage|Any CPU
		SingleImage|Mixed Platforms = SingleImage|Mixed Platforms
		SingleImage|x86 = SingleImage|x86
	EndGlobalSection
	GlobalSection(ProjectConfigurationPlatforms) = postSolution
		{1EC6F0CE-8136-4B28-9F07-CFCA0EFE0EC3}.CD_ROM|Any CPU.ActiveCfg = Release|Any CPU
		{1EC6F0CE-8136-4B28-9F07-CFCA0EFE0EC3}.CD_ROM|Any CPU.Build.0 = Release|Any CPU
		{1EC6F0CE-8136-4B28-9F07-CFCA0EFE0EC3}.CD_ROM|Mixed Platforms.ActiveCfg = Release|x86
		{1EC6F0CE-8136-4B28-9F07-CFCA0EFE0EC3}.CD_ROM|Mixed Platforms.Build.0 = Release|x86
		{1EC6F0CE-8136-4B28-9F07-CFCA0EFE0EC3}.CD_ROM|x86.ActiveCfg = Release|x86
		{1EC6F0CE-8136-4B28-9F07-CFCA0EFE0EC3}.CD_ROM|x86.Build.0 = Release|x86
		{1EC6F0CE-8136-4B28-9F07-CFCA0EFE0EC3}.Debug|Any CPU.ActiveCfg = Debug|Any CPU
		{1EC6F0CE-8136-4B28-9F07-CFCA0EFE0EC3}.Debug|Any CPU.Build.0 = Debug|Any CPU
		{1EC6F0CE-8136-4B28-9F07-CFCA0EFE0EC3}.Debug|Mixed Platforms.ActiveCfg = Debug|x86
		{1EC6F0CE-8136-4B28-9F07-CFCA0EFE0EC3}.Debug|Mixed Platforms.Build.0 = Debug|x86
		{1EC6F0CE-8136-4B28-9F07-CFCA0EFE0EC3}.Debug|x86.ActiveCfg = Debug|x86
		{1EC6F0CE-8136-4B28-9F07-CFCA0EFE0EC3}.Debug|x86.Build.0 = Debug|x86
		{1EC6F0CE-8136-4B28-9F07-CFCA0EFE0EC3}.DVD-5|Any CPU.ActiveCfg = Debug|Any CPU
		{1EC6F0CE-8136-4B28-9F07-CFCA0EFE0EC3}.DVD-5|Any CPU.Build.0 = Debug|Any CPU
		{1EC6F0CE-8136-4B28-9F07-CFCA0EFE0EC3}.DVD-5|Mixed Platforms.ActiveCfg = Debug|x86
		{1EC6F0CE-8136-4B28-9F07-CFCA0EFE0EC3}.DVD-5|Mixed Platforms.Build.0 = Debug|x86
		{1EC6F0CE-8136-4B28-9F07-CFCA0EFE0EC3}.DVD-5|x86.ActiveCfg = Debug|x86
		{1EC6F0CE-8136-4B28-9F07-CFCA0EFE0EC3}.DVD-5|x86.Build.0 = Debug|x86
		{1EC6F0CE-8136-4B28-9F07-CFCA0EFE0EC3}.Release|Any CPU.ActiveCfg = Release|Any CPU
		{1EC6F0CE-8136-4B28-9F07-CFCA0EFE0EC3}.Release|Any CPU.Build.0 = Release|Any CPU
		{1EC6F0CE-8136-4B28-9F07-CFCA0EFE0EC3}.Release|Mixed Platforms.ActiveCfg = Release|x86
		{1EC6F0CE-8136-4B28-9F07-CFCA0EFE0EC3}.Release|Mixed Platforms.Build.0 = Release|x86
		{1EC6F0CE-8136-4B28-9F07-CFCA0EFE0EC3}.Release|x86.ActiveCfg = Release|x86
		{1EC6F0CE-8136-4B28-9F07-CFCA0EFE0EC3}.Release|x86.Build.0 = Release|x86
		{1EC6F0CE-8136-4B28-9F07-CFCA0EFE0EC3}.SingleImage|Any CPU.ActiveCfg = Release|Any CPU
		{1EC6F0CE-8136-4B28-9F07-CFCA0EFE0EC3}.SingleImage|Any CPU.Build.0 = Release|Any CPU
		{1EC6F0CE-8136-4B28-9F07-CFCA0EFE0EC3}.SingleImage|Mixed Platforms.ActiveCfg = Release|x86
		{1EC6F0CE-8136-4B28-9F07-CFCA0EFE0EC3}.SingleImage|Mixed Platforms.Build.0 = Release|x86
		{1EC6F0CE-8136-4B28-9F07-CFCA0EFE0EC3}.SingleImage|x86.ActiveCfg = Release|x86
		{1EC6F0CE-8136-4B28-9F07-CFCA0EFE0EC3}.SingleImage|x86.Build.0 = Release|x86
		{7CD2B0A7-E349-4699-BC6D-477A225222BD}.CD_ROM|Any CPU.ActiveCfg = Release|Any CPU
		{7CD2B0A7-E349-4699-BC6D-477A225222BD}.CD_ROM|Any CPU.Build.0 = Release|Any CPU
		{7CD2B0A7-E349-4699-BC6D-477A225222BD}.CD_ROM|Mixed Platforms.ActiveCfg = Release|x86
		{7CD2B0A7-E349-4699-BC6D-477A225222BD}.CD_ROM|Mixed Platforms.Build.0 = Release|x86
		{7CD2B0A7-E349-4699-BC6D-477A225222BD}.CD_ROM|x86.ActiveCfg = Release|x86
		{7CD2B0A7-E349-4699-BC6D-477A225222BD}.CD_ROM|x86.Build.0 = Release|x86
		{7CD2B0A7-E349-4699-BC6D-477A225222BD}.Debug|Any CPU.ActiveCfg = Debug|Any CPU
		{7CD2B0A7-E349-4699-BC6D-477A225222BD}.Debug|Any CPU.Build.0 = Debug|Any CPU
		{7CD2B0A7-E349-4699-BC6D-477A225222BD}.Debug|Mixed Platforms.ActiveCfg = Debug|x86
		{7CD2B0A7-E349-4699-BC6D-477A225222BD}.Debug|Mixed Platforms.Build.0 = Debug|x86
		{7CD2B0A7-E349-4699-BC6D-477A225222BD}.Debug|x86.ActiveCfg = Debug|x86
		{7CD2B0A7-E349-4699-BC6D-477A225222BD}.Debug|x86.Build.0 = Debug|x86
		{7CD2B0A7-E349-4699-BC6D-477A225222BD}.DVD-5|Any CPU.ActiveCfg = Debug|Any CPU
		{7CD2B0A7-E349-4699-BC6D-477A225222BD}.DVD-5|Any CPU.Build.0 = Debug|Any CPU
		{7CD2B0A7-E349-4699-BC6D-477A225222BD}.DVD-5|Mixed Platforms.ActiveCfg = Debug|x86
		{7CD2B0A7-E349-4699-BC6D-477A225222BD}.DVD-5|Mixed Platforms.Build.0 = Debug|x86
		{7CD2B0A7-E349-4699-BC6D-477A225222BD}.DVD-5|x86.ActiveCfg = Debug|x86
		{7CD2B0A7-E349-4699-BC6D-477A225222BD}.DVD-5|x86.Build.0 = Debug|x86
		{7CD2B0A7-E349-4699-BC6D-477A225222BD}.Release|Any CPU.ActiveCfg = Release|Any CPU
		{7CD2B0A7-E349-4699-BC6D-477A225222BD}.Release|Any CPU.Build.0 = Release|Any CPU
		{7CD2B0A7-E349-4699-BC6D-477A225222BD}.Release|Mixed Platforms.ActiveCfg = Release|x86
		{7CD2B0A7-E349-4699-BC6D-477A225222BD}.Release|Mixed Platforms.Build.0 = Release|x86
		{7CD2B0A7-E349-4699-BC6D-477A225222BD}.Release|x86.ActiveCfg = Release|x86
		{7CD2B0A7-E349-4699-BC6D-477A225222BD}.Release|x86.Build.0 = Release|x86
		{7CD2B0A7-E349-4699-BC6D-477A225222BD}.SingleImage|Any CPU.ActiveCfg = Release|Any CPU
		{7CD2B0A7-E349-4699-BC6D-477A225222BD}.SingleImage|Any CPU.Build.0 = Release|Any CPU
		{7CD2B0A7-E349-4699-BC6D-477A225222BD}.SingleImage|Mixed Platforms.ActiveCfg = Release|x86
		{7CD2B0A7-E349-4699-BC6D-477A225222BD}.SingleImage|Mixed Platforms.Build.0 = Release|x86
		{7CD2B0A7-E349-4699-BC6D-477A225222BD}.SingleImage|x86.ActiveCfg = Release|x86
		{7CD2B0A7-E349-4699-BC6D-477A225222BD}.SingleImage|x86.Build.0 = Release|x86
		{FC943947-C038-4901-A8F3-0B8E7C3AAC6D}.CD_ROM|Any CPU.ActiveCfg = Release|Any CPU
		{FC943947-C038-4901-A8F3-0B8E7C3AAC6D}.CD_ROM|Any CPU.Build.0 = Release|Any CPU
		{FC943947-C038-4901-A8F3-0B8E7C3AAC6D}.CD_ROM|Mixed Platforms.ActiveCfg = Release|Any CPU
		{FC943947-C038-4901-A8F3-0B8E7C3AAC6D}.CD_ROM|Mixed Platforms.Build.0 = Release|Any CPU
		{FC943947-C038-4901-A8F3-0B8E7C3AAC6D}.CD_ROM|x86.ActiveCfg = Release|Any CPU
		{FC943947-C038-4901-A8F3-0B8E7C3AAC6D}.Debug|Any CPU.ActiveCfg = Debug|Any CPU
		{FC943947-C038-4901-A8F3-0B8E7C3AAC6D}.Debug|Any CPU.Build.0 = Debug|Any CPU
		{FC943947-C038-4901-A8F3-0B8E7C3AAC6D}.Debug|Mixed Platforms.ActiveCfg = Debug|Any CPU
		{FC943947-C038-4901-A8F3-0B8E7C3AAC6D}.Debug|Mixed Platforms.Build.0 = Debug|Any CPU
		{FC943947-C038-4901-A8F3-0B8E7C3AAC6D}.Debug|x86.ActiveCfg = Debug|Any CPU
		{FC943947-C038-4901-A8F3-0B8E7C3AAC6D}.DVD-5|Any CPU.ActiveCfg = Debug|Any CPU
		{FC943947-C038-4901-A8F3-0B8E7C3AAC6D}.DVD-5|Any CPU.Build.0 = Debug|Any CPU
		{FC943947-C038-4901-A8F3-0B8E7C3AAC6D}.DVD-5|Mixed Platforms.ActiveCfg = Debug|Any CPU
		{FC943947-C038-4901-A8F3-0B8E7C3AAC6D}.DVD-5|Mixed Platforms.Build.0 = Debug|Any CPU
		{FC943947-C038-4901-A8F3-0B8E7C3AAC6D}.DVD-5|x86.ActiveCfg = Debug|Any CPU
		{FC943947-C038-4901-A8F3-0B8E7C3AAC6D}.Release|Any CPU.ActiveCfg = Release|Any CPU
		{FC943947-C038-4901-A8F3-0B8E7C3AAC6D}.Release|Any CPU.Build.0 = Release|Any CPU
		{FC943947-C038-4901-A8F3-0B8E7C3AAC6D}.Release|Mixed Platforms.ActiveCfg = Release|Any CPU
		{FC943947-C038-4901-A8F3-0B8E7C3AAC6D}.Release|Mixed Platforms.Build.0 = Release|Any CPU
		{FC943947-C038-4901-A8F3-0B8E7C3AAC6D}.Release|x86.ActiveCfg = Release|Any CPU
		{FC943947-C038-4901-A8F3-0B8E7C3AAC6D}.SingleImage|Any CPU.ActiveCfg = Release|Any CPU
		{FC943947-C038-4901-A8F3-0B8E7C3AAC6D}.SingleImage|Any CPU.Build.0 = Release|Any CPU
		{FC943947-C038-4901-A8F3-0B8E7C3AAC6D}.SingleImage|Mixed Platforms.ActiveCfg = Release|Any CPU
		{FC943947-C038-4901-A8F3-0B8E7C3AAC6D}.SingleImage|Mixed Platforms.Build.0 = Release|Any CPU
		{FC943947-C038-4901-A8F3-0B8E7C3AAC6D}.SingleImage|x86.ActiveCfg = Release|Any CPU
		{E742DE3F-CC4B-4537-88AE-273539243D79}.CD_ROM|Any CPU.ActiveCfg = Release|Any CPU
		{E742DE3F-CC4B-4537-88AE-273539243D79}.CD_ROM|Any CPU.Build.0 = Release|Any CPU
		{E742DE3F-CC4B-4537-88AE-273539243D79}.CD_ROM|Mixed Platforms.ActiveCfg = Release|Any CPU
		{E742DE3F-CC4B-4537-88AE-273539243D79}.CD_ROM|Mixed Platforms.Build.0 = Release|Any CPU
		{E742DE3F-CC4B-4537-88AE-273539243D79}.CD_ROM|x86.ActiveCfg = Release|Any CPU
		{E742DE3F-CC4B-4537-88AE-273539243D79}.Debug|Any CPU.ActiveCfg = Debug|Any CPU
		{E742DE3F-CC4B-4537-88AE-273539243D79}.Debug|Any CPU.Build.0 = Debug|Any CPU
		{E742DE3F-CC4B-4537-88AE-273539243D79}.Debug|Mixed Platforms.ActiveCfg = Debug|Any CPU
		{E742DE3F-CC4B-4537-88AE-273539243D79}.Debug|Mixed Platforms.Build.0 = Debug|Any CPU
		{E742DE3F-CC4B-4537-88AE-273539243D79}.Debug|x86.ActiveCfg = Debug|Any CPU
		{E742DE3F-CC4B-4537-88AE-273539243D79}.DVD-5|Any CPU.ActiveCfg = Debug|Any CPU
		{E742DE3F-CC4B-4537-88AE-273539243D79}.DVD-5|Any CPU.Build.0 = Debug|Any CPU
		{E742DE3F-CC4B-4537-88AE-273539243D79}.DVD-5|Mixed Platforms.ActiveCfg = Debug|Any CPU
		{E742DE3F-CC4B-4537-88AE-273539243D79}.DVD-5|Mixed Platforms.Build.0 = Debug|Any CPU
		{E742DE3F-CC4B-4537-88AE-273539243D79}.DVD-5|x86.ActiveCfg = Debug|Any CPU
		{E742DE3F-CC4B-4537-88AE-273539243D79}.Release|Any CPU.ActiveCfg = Release|Any CPU
		{E742DE3F-CC4B-4537-88AE-273539243D79}.Release|Any CPU.Build.0 = Release|Any CPU
		{E742DE3F-CC4B-4537-88AE-273539243D79}.Release|Mixed Platforms.ActiveCfg = Release|Any CPU
		{E742DE3F-CC4B-4537-88AE-273539243D79}.Release|Mixed Platforms.Build.0 = Release|Any CPU
		{E742DE3F-CC4B-4537-88AE-273539243D79}.Release|x86.ActiveCfg = Release|Any CPU
		{E742DE3F-CC4B-4537-88AE-273539243D79}.SingleImage|Any CPU.ActiveCfg = Release|Any CPU
		{E742DE3F-CC4B-4537-88AE-273539243D79}.SingleImage|Any CPU.Build.0 = Release|Any CPU
		{E742DE3F-CC4B-4537-88AE-273539243D79}.SingleImage|Mixed Platforms.ActiveCfg = Release|Any CPU
		{E742DE3F-CC4B-4537-88AE-273539243D79}.SingleImage|Mixed Platforms.Build.0 = Release|Any CPU
		{E742DE3F-CC4B-4537-88AE-273539243D79}.SingleImage|x86.ActiveCfg = Release|Any CPU
		{A110944B-B668-4073-B873-1331BB876AC3}.CD_ROM|Any CPU.ActiveCfg = Release|Any CPU
		{A110944B-B668-4073-B873-1331BB876AC3}.CD_ROM|Any CPU.Build.0 = Release|Any CPU
		{A110944B-B668-4073-B873-1331BB876AC3}.CD_ROM|Mixed Platforms.ActiveCfg = Release|Any CPU
		{A110944B-B668-4073-B873-1331BB876AC3}.CD_ROM|Mixed Platforms.Build.0 = Release|Any CPU
		{A110944B-B668-4073-B873-1331BB876AC3}.CD_ROM|x86.ActiveCfg = Release|Any CPU
		{A110944B-B668-4073-B873-1331BB876AC3}.Debug|Any CPU.ActiveCfg = Debug|Any CPU
		{A110944B-B668-4073-B873-1331BB876AC3}.Debug|Any CPU.Build.0 = Debug|Any CPU
		{A110944B-B668-4073-B873-1331BB876AC3}.Debug|Mixed Platforms.ActiveCfg = Debug|Any CPU
		{A110944B-B668-4073-B873-1331BB876AC3}.Debug|Mixed Platforms.Build.0 = Debug|Any CPU
		{A110944B-B668-4073-B873-1331BB876AC3}.Debug|x86.ActiveCfg = Debug|Any CPU
		{A110944B-B668-4073-B873-1331BB876AC3}.DVD-5|Any CPU.ActiveCfg = Debug|Any CPU
		{A110944B-B668-4073-B873-1331BB876AC3}.DVD-5|Any CPU.Build.0 = Debug|Any CPU
		{A110944B-B668-4073-B873-1331BB876AC3}.DVD-5|Mixed Platforms.ActiveCfg = Debug|Any CPU
		{A110944B-B668-4073-B873-1331BB876AC3}.DVD-5|Mixed Platforms.Build.0 = Debug|Any CPU
		{A110944B-B668-4073-B873-1331BB876AC3}.DVD-5|x86.ActiveCfg = Debug|Any CPU
		{A110944B-B668-4073-B873-1331BB876AC3}.Release|Any CPU.ActiveCfg = Release|Any CPU
		{A110944B-B668-4073-B873-1331BB876AC3}.Release|Any CPU.Build.0 = Release|Any CPU
		{A110944B-B668-4073-B873-1331BB876AC3}.Release|Mixed Platforms.ActiveCfg = Release|Any CPU
		{A110944B-B668-4073-B873-1331BB876AC3}.Release|Mixed Platforms.Build.0 = Release|Any CPU
		{A110944B-B668-4073-B873-1331BB876AC3}.Release|x86.ActiveCfg = Release|Any CPU
		{A110944B-B668-4073-B873-1331BB876AC3}.SingleImage|Any CPU.ActiveCfg = Release|Any CPU
		{A110944B-B668-4073-B873-1331BB876AC3}.SingleImage|Any CPU.Build.0 = Release|Any CPU
		{A110944B-B668-4073-B873-1331BB876AC3}.SingleImage|Mixed Platforms.ActiveCfg = Release|Any CPU
		{A110944B-B668-4073-B873-1331BB876AC3}.SingleImage|Mixed Platforms.Build.0 = Release|Any CPU
		{A110944B-B668-4073-B873-1331BB876AC3}.SingleImage|x86.ActiveCfg = Release|Any CPU
		{7204395C-1404-4F7D-91DC-6AFA484AC823}.CD_ROM|Any CPU.ActiveCfg = Release|Any CPU
		{7204395C-1404-4F7D-91DC-6AFA484AC823}.CD_ROM|Any CPU.Build.0 = Release|Any CPU
		{7204395C-1404-4F7D-91DC-6AFA484AC823}.CD_ROM|Mixed Platforms.ActiveCfg = Release|Any CPU
		{7204395C-1404-4F7D-91DC-6AFA484AC823}.CD_ROM|Mixed Platforms.Build.0 = Release|Any CPU
		{7204395C-1404-4F7D-91DC-6AFA484AC823}.CD_ROM|x86.ActiveCfg = Release|Any CPU
		{7204395C-1404-4F7D-91DC-6AFA484AC823}.CD_ROM|x86.Build.0 = Release|Any CPU
		{7204395C-1404-4F7D-91DC-6AFA484AC823}.Debug|Any CPU.ActiveCfg = Debug|Any CPU
		{7204395C-1404-4F7D-91DC-6AFA484AC823}.Debug|Any CPU.Build.0 = Debug|Any CPU
		{7204395C-1404-4F7D-91DC-6AFA484AC823}.Debug|Mixed Platforms.ActiveCfg = Debug|Any CPU
		{7204395C-1404-4F7D-91DC-6AFA484AC823}.Debug|Mixed Platforms.Build.0 = Debug|Any CPU
		{7204395C-1404-4F7D-91DC-6AFA484AC823}.Debug|x86.ActiveCfg = Debug|Any CPU
		{7204395C-1404-4F7D-91DC-6AFA484AC823}.Debug|x86.Build.0 = Debug|Any CPU
		{7204395C-1404-4F7D-91DC-6AFA484AC823}.DVD-5|Any CPU.ActiveCfg = Debug|Any CPU
		{7204395C-1404-4F7D-91DC-6AFA484AC823}.DVD-5|Any CPU.Build.0 = Debug|Any CPU
		{7204395C-1404-4F7D-91DC-6AFA484AC823}.DVD-5|Mixed Platforms.ActiveCfg = Debug|Any CPU
		{7204395C-1404-4F7D-91DC-6AFA484AC823}.DVD-5|Mixed Platforms.Build.0 = Debug|Any CPU
		{7204395C-1404-4F7D-91DC-6AFA484AC823}.DVD-5|x86.ActiveCfg = Debug|Any CPU
		{7204395C-1404-4F7D-91DC-6AFA484AC823}.DVD-5|x86.Build.0 = Debug|Any CPU
		{7204395C-1404-4F7D-91DC-6AFA484AC823}.Release|Any CPU.ActiveCfg = Release|Any CPU
		{7204395C-1404-4F7D-91DC-6AFA484AC823}.Release|Any CPU.Build.0 = Release|Any CPU
		{7204395C-1404-4F7D-91DC-6AFA484AC823}.Release|Mixed Platforms.ActiveCfg = Release|Any CPU
		{7204395C-1404-4F7D-91DC-6AFA484AC823}.Release|Mixed Platforms.Build.0 = Release|Any CPU
		{7204395C-1404-4F7D-91DC-6AFA484AC823}.Release|x86.ActiveCfg = Release|Any CPU
		{7204395C-1404-4F7D-91DC-6AFA484AC823}.Release|x86.Build.0 = Release|Any CPU
		{7204395C-1404-4F7D-91DC-6AFA484AC823}.SingleImage|Any CPU.ActiveCfg = Release|Any CPU
		{7204395C-1404-4F7D-91DC-6AFA484AC823}.SingleImage|Any CPU.Build.0 = Release|Any CPU
		{7204395C-1404-4F7D-91DC-6AFA484AC823}.SingleImage|Mixed Platforms.ActiveCfg = Release|Any CPU
		{7204395C-1404-4F7D-91DC-6AFA484AC823}.SingleImage|Mixed Platforms.Build.0 = Release|Any CPU
		{7204395C-1404-4F7D-91DC-6AFA484AC823}.SingleImage|x86.ActiveCfg = Release|Any CPU
		{7204395C-1404-4F7D-91DC-6AFA484AC823}.SingleImage|x86.Build.0 = Release|Any CPU
		{DA7A5FBD-C600-4665-A695-7C37561A6B9C}.CD_ROM|Any CPU.ActiveCfg = Release|Any CPU
		{DA7A5FBD-C600-4665-A695-7C37561A6B9C}.CD_ROM|Any CPU.Build.0 = Release|Any CPU
		{DA7A5FBD-C600-4665-A695-7C37561A6B9C}.CD_ROM|Mixed Platforms.ActiveCfg = Release|Any CPU
		{DA7A5FBD-C600-4665-A695-7C37561A6B9C}.CD_ROM|Mixed Platforms.Build.0 = Release|Any CPU
		{DA7A5FBD-C600-4665-A695-7C37561A6B9C}.CD_ROM|x86.ActiveCfg = Release|Any CPU
		{DA7A5FBD-C600-4665-A695-7C37561A6B9C}.CD_ROM|x86.Build.0 = Release|Any CPU
		{DA7A5FBD-C600-4665-A695-7C37561A6B9C}.Debug|Any CPU.ActiveCfg = Debug|Any CPU
		{DA7A5FBD-C600-4665-A695-7C37561A6B9C}.Debug|Any CPU.Build.0 = Debug|Any CPU
		{DA7A5FBD-C600-4665-A695-7C37561A6B9C}.Debug|Mixed Platforms.ActiveCfg = Debug|Any CPU
		{DA7A5FBD-C600-4665-A695-7C37561A6B9C}.Debug|Mixed Platforms.Build.0 = Debug|Any CPU
		{DA7A5FBD-C600-4665-A695-7C37561A6B9C}.Debug|x86.ActiveCfg = Debug|Any CPU
		{DA7A5FBD-C600-4665-A695-7C37561A6B9C}.Debug|x86.Build.0 = Debug|Any CPU
		{DA7A5FBD-C600-4665-A695-7C37561A6B9C}.DVD-5|Any CPU.ActiveCfg = Debug|Any CPU
		{DA7A5FBD-C600-4665-A695-7C37561A6B9C}.DVD-5|Any CPU.Build.0 = Debug|Any CPU
		{DA7A5FBD-C600-4665-A695-7C37561A6B9C}.DVD-5|Mixed Platforms.ActiveCfg = Debug|Any CPU
		{DA7A5FBD-C600-4665-A695-7C37561A6B9C}.DVD-5|Mixed Platforms.Build.0 = Debug|Any CPU
		{DA7A5FBD-C600-4665-A695-7C37561A6B9C}.DVD-5|x86.ActiveCfg = Debug|Any CPU
		{DA7A5FBD-C600-4665-A695-7C37561A6B9C}.DVD-5|x86.Build.0 = Debug|Any CPU
		{DA7A5FBD-C600-4665-A695-7C37561A6B9C}.Release|Any CPU.ActiveCfg = Release|Any CPU
		{DA7A5FBD-C600-4665-A695-7C37561A6B9C}.Release|Any CPU.Build.0 = Release|Any CPU
		{DA7A5FBD-C600-4665-A695-7C37561A6B9C}.Release|Mixed Platforms.ActiveCfg = Release|Any CPU
		{DA7A5FBD-C600-4665-A695-7C37561A6B9C}.Release|Mixed Platforms.Build.0 = Release|Any CPU
		{DA7A5FBD-C600-4665-A695-7C37561A6B9C}.Release|x86.ActiveCfg = Release|Any CPU
		{DA7A5FBD-C600-4665-A695-7C37561A6B9C}.Release|x86.Build.0 = Release|Any CPU
		{DA7A5FBD-C600-4665-A695-7C37561A6B9C}.SingleImage|Any CPU.ActiveCfg = Release|Any CPU
		{DA7A5FBD-C600-4665-A695-7C37561A6B9C}.SingleImage|Any CPU.Build.0 = Release|Any CPU
		{DA7A5FBD-C600-4665-A695-7C37561A6B9C}.SingleImage|Mixed Platforms.ActiveCfg = Release|Any CPU
		{DA7A5FBD-C600-4665-A695-7C37561A6B9C}.SingleImage|Mixed Platforms.Build.0 = Release|Any CPU
		{DA7A5FBD-C600-4665-A695-7C37561A6B9C}.SingleImage|x86.ActiveCfg = Release|Any CPU
		{DA7A5FBD-C600-4665-A695-7C37561A6B9C}.SingleImage|x86.Build.0 = Release|Any CPU
		{3426E351-EB19-4524-9670-A78BD4D0D5BD}.CD_ROM|Any CPU.ActiveCfg = Release|Any CPU
		{3426E351-EB19-4524-9670-A78BD4D0D5BD}.CD_ROM|Any CPU.Build.0 = Release|Any CPU
		{3426E351-EB19-4524-9670-A78BD4D0D5BD}.CD_ROM|Mixed Platforms.ActiveCfg = Release|Any CPU
		{3426E351-EB19-4524-9670-A78BD4D0D5BD}.CD_ROM|Mixed Platforms.Build.0 = Release|Any CPU
		{3426E351-EB19-4524-9670-A78BD4D0D5BD}.CD_ROM|x86.ActiveCfg = Release|Any CPU
		{3426E351-EB19-4524-9670-A78BD4D0D5BD}.CD_ROM|x86.Build.0 = Release|Any CPU
		{3426E351-EB19-4524-9670-A78BD4D0D5BD}.Debug|Any CPU.ActiveCfg = Debug|Any CPU
		{3426E351-EB19-4524-9670-A78BD4D0D5BD}.Debug|Any CPU.Build.0 = Debug|Any CPU
		{3426E351-EB19-4524-9670-A78BD4D0D5BD}.Debug|Mixed Platforms.ActiveCfg = Debug|Any CPU
		{3426E351-EB19-4524-9670-A78BD4D0D5BD}.Debug|Mixed Platforms.Build.0 = Debug|Any CPU
		{3426E351-EB19-4524-9670-A78BD4D0D5BD}.Debug|x86.ActiveCfg = Debug|Any CPU
		{3426E351-EB19-4524-9670-A78BD4D0D5BD}.Debug|x86.Build.0 = Debug|Any CPU
		{3426E351-EB19-4524-9670-A78BD4D0D5BD}.DVD-5|Any CPU.ActiveCfg = Debug|Any CPU
		{3426E351-EB19-4524-9670-A78BD4D0D5BD}.DVD-5|Any CPU.Build.0 = Debug|Any CPU
		{3426E351-EB19-4524-9670-A78BD4D0D5BD}.DVD-5|Mixed Platforms.ActiveCfg = Debug|Any CPU
		{3426E351-EB19-4524-9670-A78BD4D0D5BD}.DVD-5|Mixed Platforms.Build.0 = Debug|Any CPU
		{3426E351-EB19-4524-9670-A78BD4D0D5BD}.DVD-5|x86.ActiveCfg = Debug|Any CPU
		{3426E351-EB19-4524-9670-A78BD4D0D5BD}.DVD-5|x86.Build.0 = Debug|Any CPU
		{3426E351-EB19-4524-9670-A78BD4D0D5BD}.Release|Any CPU.ActiveCfg = Release|Any CPU
		{3426E351-EB19-4524-9670-A78BD4D0D5BD}.Release|Any CPU.Build.0 = Release|Any CPU
		{3426E351-EB19-4524-9670-A78BD4D0D5BD}.Release|Mixed Platforms.ActiveCfg = Release|Any CPU
		{3426E351-EB19-4524-9670-A78BD4D0D5BD}.Release|Mixed Platforms.Build.0 = Release|Any CPU
		{3426E351-EB19-4524-9670-A78BD4D0D5BD}.Release|x86.ActiveCfg = Release|Any CPU
		{3426E351-EB19-4524-9670-A78BD4D0D5BD}.Release|x86.Build.0 = Release|Any CPU
		{3426E351-EB19-4524-9670-A78BD4D0D5BD}.SingleImage|Any CPU.ActiveCfg = Release|Any CPU
		{3426E351-EB19-4524-9670-A78BD4D0D5BD}.SingleImage|Any CPU.Build.0 = Release|Any CPU
		{3426E351-EB19-4524-9670-A78BD4D0D5BD}.SingleImage|Mixed Platforms.ActiveCfg = Release|Any CPU
		{3426E351-EB19-4524-9670-A78BD4D0D5BD}.SingleImage|Mixed Platforms.Build.0 = Release|Any CPU
		{3426E351-EB19-4524-9670-A78BD4D0D5BD}.SingleImage|x86.ActiveCfg = Release|Any CPU
		{3426E351-EB19-4524-9670-A78BD4D0D5BD}.SingleImage|x86.Build.0 = Release|Any CPU
		{F89D3A56-EC42-4BA0-8436-329068F8386C}.CD_ROM|Any CPU.ActiveCfg = Release|Any CPU
		{F89D3A56-EC42-4BA0-8436-329068F8386C}.CD_ROM|Any CPU.Build.0 = Release|Any CPU
		{F89D3A56-EC42-4BA0-8436-329068F8386C}.CD_ROM|Mixed Platforms.ActiveCfg = Release|Any CPU
		{F89D3A56-EC42-4BA0-8436-329068F8386C}.CD_ROM|Mixed Platforms.Build.0 = Release|Any CPU
		{F89D3A56-EC42-4BA0-8436-329068F8386C}.CD_ROM|x86.ActiveCfg = Release|Any CPU
		{F89D3A56-EC42-4BA0-8436-329068F8386C}.CD_ROM|x86.Build.0 = Release|Any CPU
		{F89D3A56-EC42-4BA0-8436-329068F8386C}.Debug|Any CPU.ActiveCfg = Debug|Any CPU
		{F89D3A56-EC42-4BA0-8436-329068F8386C}.Debug|Any CPU.Build.0 = Debug|Any CPU
		{F89D3A56-EC42-4BA0-8436-329068F8386C}.Debug|Mixed Platforms.ActiveCfg = Debug|Any CPU
		{F89D3A56-EC42-4BA0-8436-329068F8386C}.Debug|Mixed Platforms.Build.0 = Debug|Any CPU
		{F89D3A56-EC42-4BA0-8436-329068F8386C}.Debug|x86.ActiveCfg = Debug|Any CPU
		{F89D3A56-EC42-4BA0-8436-329068F8386C}.Debug|x86.Build.0 = Debug|Any CPU
		{F89D3A56-EC42-4BA0-8436-329068F8386C}.DVD-5|Any CPU.ActiveCfg = Debug|Any CPU
		{F89D3A56-EC42-4BA0-8436-329068F8386C}.DVD-5|Any CPU.Build.0 = Debug|Any CPU
		{F89D3A56-EC42-4BA0-8436-329068F8386C}.DVD-5|Mixed Platforms.ActiveCfg = Debug|Any CPU
		{F89D3A56-EC42-4BA0-8436-329068F8386C}.DVD-5|Mixed Platforms.Build.0 = Debug|Any CPU
		{F89D3A56-EC42-4BA0-8436-329068F8386C}.DVD-5|x86.ActiveCfg = Debug|Any CPU
		{F89D3A56-EC42-4BA0-8436-329068F8386C}.DVD-5|x86.Build.0 = Debug|Any CPU
		{F89D3A56-EC42-4BA0-8436-329068F8386C}.Release|Any CPU.ActiveCfg = Release|Any CPU
		{F89D3A56-EC42-4BA0-8436-329068F8386C}.Release|Any CPU.Build.0 = Release|Any CPU
		{F89D3A56-EC42-4BA0-8436-329068F8386C}.Release|Mixed Platforms.ActiveCfg = Release|Any CPU
		{F89D3A56-EC42-4BA0-8436-329068F8386C}.Release|Mixed Platforms.Build.0 = Release|Any CPU
		{F89D3A56-EC42-4BA0-8436-329068F8386C}.Release|x86.ActiveCfg = Release|Any CPU
		{F89D3A56-EC42-4BA0-8436-329068F8386C}.Release|x86.Build.0 = Release|Any CPU
		{F89D3A56-EC42-4BA0-8436-329068F8386C}.SingleImage|Any CPU.ActiveCfg = Release|Any CPU
		{F89D3A56-EC42-4BA0-8436-329068F8386C}.SingleImage|Any CPU.Build.0 = Release|Any CPU
		{F89D3A56-EC42-4BA0-8436-329068F8386C}.SingleImage|Mixed Platforms.ActiveCfg = Release|Any CPU
		{F89D3A56-EC42-4BA0-8436-329068F8386C}.SingleImage|Mixed Platforms.Build.0 = Release|Any CPU
		{F89D3A56-EC42-4BA0-8436-329068F8386C}.SingleImage|x86.ActiveCfg = Release|Any CPU
		{F89D3A56-EC42-4BA0-8436-329068F8386C}.SingleImage|x86.Build.0 = Release|Any CPU
	EndGlobalSection
	GlobalSection(SolutionProperties) = preSolution
		HideSolutionNode = FALSE
	EndGlobalSection
	GlobalSection(ExtensibilityGlobals) = postSolution
		SolutionGuid = {C2DF1650-4140-4360-A8DF-C461FD225192}
	EndGlobalSection
EndGlobal
